
Microsoft Visual Studio Solution File, Format Version 12.00
# Visual Studio Version 17
VisualStudioVersion = 17.0.31903.59
MinimumVisualStudioVersion = 10.0.40219.1
Project("{9A19103F-16F7-4668-BE54-9A1E7A4F7556}") = "SplatDev.Umbraco.Web", "SplatDev.Umbraco.Web\SplatDev.Umbraco.Web.csproj", "{C18E239A-0B84-4078-8EF3-31EE0CDB09A5}"
EndProject
Project("{9A19103F-16F7-4668-BE54-9A1E7A4F7556}") = "SplatDev.Umbraco.Plugin.Backups", "SplatDev.Umbraco.Plugin.Backups\SplatDev.Umbraco.Plugin.Backups.csproj", "{6703A74A-D3B3-4A8B-9770-1B2871C21F94}"
EndProject
Project("{FAE04EC0-301F-11D3-BF4B-00C04F79EFBC}") = "SplatDev.Plugins.BackupVault", "SplatDev.Plugins.BackupVault\SplatDev.Plugins.BackupVault.csproj", "{0E9B63E7-781A-45D9-8411-503D994D399A}"
EndProject
Project("{2150E333-8FDC-42A3-9474-1A3956D46DE8}") = "Tests", "Tests", "{8B59E0DB-8539-4B34-84E3-72B3610D21E1}"
EndProject
Project("{FAE04EC0-301F-11D3-BF4B-00C04F79EFBC}") = "PrismDrive.Tests", "PrismDrive.Tests\PrismDrive.Tests.csproj", "{B97B28A7-5D16-4980-B7C9-45FED618908B}"
EndProject
Global
	GlobalSection(SolutionConfigurationPlatforms) = preSolution
		Debug|Any CPU = Debug|Any CPU
		Release|Any CPU = Release|Any CPU
	EndGlobalSection
	GlobalSection(ProjectConfigurationPlatforms) = postSolution
		{C18E239A-0B84-4078-8EF3-31EE0CDB09A5}.Debug|Any CPU.ActiveCfg = Debug|Any CPU
		{C18E239A-0B84-4078-8EF3-31EE0CDB09A5}.Debug|Any CPU.Build.0 = Debug|Any CPU
		{C18E239A-0B84-4078-8EF3-31EE0CDB09A5}.Release|Any CPU.ActiveCfg = Release|Any CPU
		{C18E239A-0B84-4078-8EF3-31EE0CDB09A5}.Release|Any CPU.Build.0 = Release|Any CPU
		{6703A74A-D3B3-4A8B-9770-1B2871C21F94}.Debug|Any CPU.ActiveCfg = Debug|Any CPU
		{6703A74A-D3B3-4A8B-9770-1B2871C21F94}.Debug|Any CPU.Build.0 = Debug|Any CPU
		{6703A74A-D3B3-4A8B-9770-1B2871C21F94}.Release|Any CPU.ActiveCfg = Release|Any CPU
		{6703A74A-D3B3-4A8B-9770-1B2871C21F94}.Release|Any CPU.Build.0 = Release|Any CPU
		{0E9B63E7-781A-45D9-8411-503D994D399A}.Debug|Any CPU.ActiveCfg = Debug|Any CPU
		{0E9B63E7-781A-45D9-8411-503D994D399A}.Debug|Any CPU.Build.0 = Debug|Any CPU
		{0E9B63E7-781A-45D9-8411-503D994D399A}.Release|Any CPU.ActiveCfg = Release|Any CPU
		{0E9B63E7-781A-45D9-8411-503D994D399A}.Release|Any CPU.Build.0 = Release|Any CPU
		{B97B28A7-5D16-4980-B7C9-45FED618908B}.Debug|Any CPU.ActiveCfg = Debug|Any CPU
		{B97B28A7-5D16-4980-B7C9-45FED618908B}.Debug|Any CPU.Build.0 = Debug|Any CPU
		{B97B28A7-5D16-4980-B7C9-45FED618908B}.Release|Any CPU.ActiveCfg = Release|Any CPU
		{B97B28A7-5D16-4980-B7C9-45FED618908B}.Release|Any CPU.Build.0 = Release|Any CPU
	EndGlobalSection
	GlobalSection(SolutionProperties) = preSolution
		HideSolutionNode = FALSE
	EndGlobalSection
	GlobalSection(NestedProjects) = preSolution
		{B97B28A7-5D16-4980-B7C9-45FED618908B} = {8B59E0DB-8539-4B34-84E3-72B3610D21E1}
	EndGlobalSection
	GlobalSection(ExtensibilityGlobals) = postSolution
		SolutionGuid = {91DAD098-105C-4E72-B419-608CFB9BB92A}
	EndGlobalSection
EndGlobal
